
Microsoft Visual Studio Solution File, Format Version 12.00
# Visual Studio Version 17
VisualStudioVersion = 17.6.33829.357
MinimumVisualStudioVersion = 10.0.40219.1
Project("{FAE04EC0-301F-11D3-BF4B-00C04F79EFBC}") = "URL -2-", "URL -2-\URL -2-.csproj", "{7C21E047-2462-453F-843C-39D03D4DFDA6}"
EndProject
Global
	GlobalSection(SolutionConfigurationPlatforms) = preSolution
		Debug|Any CPU = Debug|Any CPU
		Release|Any CPU = Release|Any CPU
	EndGlobalSection
	GlobalSection(ProjectConfigurationPlatforms) = postSolution
		{7C21E047-2462-453F-843C-39D03D4DFDA6}.Debug|Any CPU.ActiveCfg = Debug|Any CPU
		{7C21E047-2462-453F-843C-39D03D4DFDA6}.Debug|Any CPU.Build.0 = Debug|Any CPU
		{7C21E047-2462-453F-843C-39D03D4DFDA6}.Release|Any CPU.ActiveCfg = Release|Any CPU
		{7C21E047-2462-453F-843C-39D03D4DFDA6}.Release|Any CPU.Build.0 = Release|Any CPU
	EndGlobalSection
	GlobalSection(SolutionProperties) = preSolution
		HideSolutionNode = FALSE
	EndGlobalSection
	GlobalSection(ExtensibilityGlobals) = postSolution
		SolutionGuid = {AA9FC4EA-4CD6-41C5-A8C8-324D27286E04}
	EndGlobalSection
EndGlobal
